{
  "name": "oklch-tuner",
  "version": "1.0.0",
  "lockfileVersion": 3,
  "requires": true,
  "packages": {
    "": {
      "name": "oklch-tuner",
      "version": "1.0.0",
      "license": "MIT",
      "dependencies": {
        "oklch-tuner": "^1.0.0"
      }
    },
    "node_modules/oklch-tuner": {
      "version": "1.0.0",
      "resolved": "https://registry.npmjs.org/oklch-tuner/-/oklch-tuner-1.0.0.tgz",
      "integrity": "sha512-QNAmjh8mjCJUVXObJHizFUTBcUUc7fVG2RTYcRKEUsWyQ/l2rnopuVfOaPBfWWMJAHBXOfmPPkChgvDJSlZYoA==",
      "license": "MIT"
    }
  }
}
